// !$*UTF8*$!
{
	archiveVersion = 1;
	classes = {
	};
	objectVersion = 50;
	objects = {

/* Begin PBXBuildFile section */
		8221DBC221E7F36A00FE4294 /* AppDelegate.swift in Sources */ = {isa = PBXBuildFile; fileRef = 8221DBC121E7F36A00FE4294 /* AppDelegate.swift */; };
		8221DBC721E7F36A00FE4294 /* Main.storyboard in Resources */ = {isa = PBXBuildFile; fileRef = 8221DBC521E7F36A00FE4294 /* Main.storyboard */; };
		8221DBC921E7F36E00FE4294 /* Assets.xcassets in Resources */ = {isa = PBXBuildFile; fileRef = 8221DBC821E7F36E00FE4294 /* Assets.xcassets */; };
		82A5EBA121F0BF7900AD3B32 /* ViewController.swift in Sources */ = {isa = PBXBuildFile; fileRef = 8221DBC321E7F36A00FE4294 /* ViewController.swift */; };
		82FCF1EE21FA313200C48B91 /* fliclib.framework in Frameworks */ = {isa = PBXBuildFile; fileRef = 82FCF1EC21FA2BB600C48B91 /* fliclib.framework */; };
		82FCF1EF21FA313200C48B91 /* fliclib.framework in Embed Frameworks */ = {isa = PBXBuildFile; fileRef = 82FCF1EC21FA2BB600C48B91 /* fliclib.framework */; settings = {ATTRIBUTES = (CodeSignOnCopy, RemoveHeadersOnCopy, ); }; };
/* End PBXBuildFile section */

/* Begin PBXCopyFilesBuildPhase section */
		82FCF1F021FA313300C48B91 /* Embed Frameworks */ = {
			isa = PBXCopyFilesBuildPhase;
			buildActionMask = 2147483647;
			dstPath = "";
			dstSubfolderSpec = 10;
			files = (
				82FCF1EF21FA313200C48B91 /* fliclib.framework in Embed Frameworks */,
			);
			name = "Embed Frameworks";
			runOnlyForDeploymentPostprocessing = 0;
		};
/* End PBXCopyFilesBuildPhase section */

/* Begin PBXFileReference section */
		8221DBBE21E7F36A00FE4294 /* FlicTrick.app */ = {isa = PBXFileReference; explicitFileType = wrapper.application; includeInIndex = 0; path = FlicTrick.app; sourceTree = BUILT_PRODUCTS_DIR; };
		8221DBC121E7F36A00FE4294 /* AppDelegate.swift */ = {isa = PBXFileReference; lastKnownFileType = sourcecode.swift; path = AppDelegate.swift; sourceTree = "<group>"; };
		8221DBC321E7F36A00FE4294 /* ViewController.swift */ = {isa = PBXFileReference; lastKnownFileType = sourcecode.swift; path = ViewController.swift; sourceTree = "<group>"; };
		8221DBC621E7F36A00FE4294 /* Base */ = {isa = PBXFileReference; lastKnownFileType = file.storyboard; name = Base; path = Base.lproj/Main.storyboard; sourceTree = "<group>"; };
		8221DBC821E7F36E00FE4294 /* Assets.xcassets */ = {isa = PBXFileReference; lastKnownFileType = folder.assetcatalog; path = Assets.xcassets; sourceTree = "<group>"; };
		8221DBCD21E7F36E00FE4294 /* Info.plist */ = {isa = PBXFileReference; lastKnownFileType = text.plist.xml; path = Info.plist; sourceTree = "<group>"; };
		8221DBD921E7F46800FE4294 /* FlicTrick-Bridging-Header.h */ = {isa = PBXFileReference; lastKnownFileType = sourcecode.c.h; path = "FlicTrick-Bridging-Header.h"; sourceTree = "<group>"; };
		82FCF1EC21FA2BB600C48B91 /* fliclib.framework */ = {isa = PBXFileReference; lastKnownFileType = wrapper.framework; name = fliclib.framework; path = "fliclib-ios/fliclib.framework"; sourceTree = "<group>"; };
/* End PBXFileReference section */

/* Begin PBXFrameworksBuildPhase section */
		8221DBBB21E7F36A00FE4294 /* Frameworks */ = {
			isa = PBXFrameworksBuildPhase;
			buildActionMask = 2147483647;
			files = (
				82FCF1EE21FA313200C48B91 /* fliclib.framework in Frameworks */,
			);
			runOnlyForDeploymentPostprocessing = 0;
		};
/* End PBXFrameworksBuildPhase section */

/* Begin PBXGroup section */
		8221DBB521E7F36A00FE4294 = {
			isa = PBXGroup;
			children = (
				8221DBC021E7F36A00FE4294 /* FlicTrick */,
				8221DBBF21E7F36A00FE4294 /* Products */,
				82FCF1EB21FA2BB500C48B91 /* Frameworks */,
			);
			sourceTree = "<group>";
		};
		8221DBBF21E7F36A00FE4294 /* Products */ = {
			isa = PBXGroup;
			children = (
				8221DBBE21E7F36A00FE4294 /* FlicTrick.app */,
			);
			name = Products;
			sourceTree = "<group>";
		};
		8221DBC021E7F36A00FE4294 /* FlicTrick */ = {
			isa = PBXGroup;
			children = (
				8221DBC121E7F36A00FE4294 /* AppDelegate.swift */,
				8221DBC321E7F36A00FE4294 /* ViewController.swift */,
				8221DBC521E7F36A00FE4294 /* Main.storyboard */,
				8221DBC821E7F36E00FE4294 /* Assets.xcassets */,
				8221DBCD21E7F36E00FE4294 /* Info.plist */,
				8221DBD921E7F46800FE4294 /* FlicTrick-Bridging-Header.h */,
			);
			path = FlicTrick;
			sourceTree = "<group>";
		};
		82FCF1EB21FA2BB500C48B91 /* Frameworks */ = {
			isa = PBXGroup;
			children = (
				82FCF1EC21FA2BB600C48B91 /* fliclib.framework */,
			);
			name = Frameworks;
			sourceTree = "<group>";
		};
/* End PBXGroup section */

/* Begin PBXNativeTarget section */
		8221DBBD21E7F36A00FE4294 /* FlicTrick */ = {
			isa = PBXNativeTarget;
			buildConfigurationList = 8221DBD021E7F36E00FE4294 /* Build configuration list for PBXNativeTarget "FlicTrick" */;
			buildPhases = (
				8221DBBA21E7F36A00FE4294 /* Sources */,
				8221DBBB21E7F36A00FE4294 /* Frameworks */,
				8221DBBC21E7F36A00FE4294 /* Resources */,
				82FCF1F021FA313300C48B91 /* Embed Frameworks */,
			);
			buildRules = (
			);
			dependencies = (
			);
			name = FlicTrick;
			productName = FlicTrick;
			productReference = 8221DBBE21E7F36A00FE4294 /* FlicTrick.app */;
			productType = "com.apple.product-type.application";
		};
/* End PBXNativeTarget section */

/* Begin PBXProject section */
		8221DBB621E7F36A00FE4294 /* Project object */ = {
			isa = PBXProject;
			attributes = {
				LastSwiftUpdateCheck = 1010;
				LastUpgradeCheck = 1010;
				ORGANIZATIONNAME = appcat.com;
				TargetAttributes = {
					8221DBBD21E7F36A00FE4294 = {
						CreatedOnToolsVersion = 10.1;
						LastSwiftMigration = 1010;
					};
				};
			};
			buildConfigurationList = 8221DBB921E7F36A00FE4294 /* Build configuration list for PBXProject "FlicTrick" */;
			compatibilityVersion = "Xcode 9.3";
			developmentRegion = en;
			hasScannedForEncodings = 0;
			knownRegions = (
				en,
				Base,
			);
			mainGroup = 8221DBB521E7F36A00FE4294;
			productRefGroup = 8221DBBF21E7F36A00FE4294 /* Products */;
			projectDirPath = "";
			projectRoot = "";
			targets = (
				8221DBBD21E7F36A00FE4294 /* FlicTrick */,
			);
		};
/* End PBXProject section */

/* Begin PBXResourcesBuildPhase section */
		8221DBBC21E7F36A00FE4294 /* Resources */ = {
			isa = PBXResourcesBuildPhase;
			buildActionMask = 2147483647;
			files = (
				8221DBC921E7F36E00FE4294 /* Assets.xcassets in Resources */,
				8221DBC721E7F36A00FE4294 /* Main.storyboard in Resources */,
			);
			runOnlyForDeploymentPostprocessing = 0;
		};
/* End PBXResourcesBuildPhase section */

/* Begin PBXSourcesBuildPhase section */
		8221DBBA21E7F36A00FE4294 /* Sources */ = {
			isa = PBXSourcesBuildPhase;
			buildActionMask = 2147483647;
			files = (
				82A5EBA121F0BF7900AD3B32 /* ViewController.swift in Sources */,
				8221DBC221E7F36A00FE4294 /* AppDelegate.swift in Sources */,
			);
			runOnlyForDeploymentPostprocessing = 0;
		};
/* End PBXSourcesBuildPhase section */

/* Begin PBXVariantGroup section */
		8221DBC521E7F36A00FE4294 /* Main.storyboard */ = {
			isa = PBXVariantGroup;
			children = (
				8221DBC621E7F36A00FE4294 /* Base */,
			);
			name = Main.storyboard;
			sourceTree = "<group>";
		};
/* End PBXVariantGroup section */

/* Begin XCBuildConfiguration section */
		8221DBCE21E7F36E00FE4294 /* Debug */ = {
			isa = XCBuildConfiguration;
			buildSettings = {
				ALWAYS_SEARCH_USER_PATHS = NO;
				CLANG_ANALYZER_NONNULL = YES;
				CLANG_ANALYZER_NUMBER_OBJECT_CONVERSION = YES_AGGRESSIVE;
				CLANG_CXX_LANGUAGE_STANDARD = "gnu++14";
				CLANG_CXX_LIBRARY = "libc++";
				CLANG_ENABLE_MODULES = YES;
				CLANG_ENABLE_OBJC_ARC = YES;
				CLANG_ENABLE_OBJC_WEAK = YES;
				CLANG_WARN_BLOCK_CAPTURE_AUTORELEASING = YES;
				CLANG_WARN_BOOL_CONVERSION = YES;
				CLANG_WARN_COMMA = YES;
				CLANG_WARN_CONSTANT_CONVERSION = YES;
				CLANG_WARN_DEPRECATED_OBJC_IMPLEMENTATIONS = YES;
				CLANG_WARN_DIRECT_OBJC_ISA_USAGE = YES_ERROR;
				CLANG_WARN_DOCUMENTATION_COMMENTS = YES;
				CLANG_WARN_EMPTY_BODY = YES;
				CLANG_WARN_ENUM_CONVERSION = YES;
				CLANG_WARN_INFINITE_RECURSION = YES;
				CLANG_WARN_INT_CONVERSION = YES;
				CLANG_WARN_NON_LITERAL_NULL_CONVERSION = YES;
				CLANG_WARN_OBJC_IMPLICIT_RETAIN_SELF = YES;
				CLANG_WARN_OBJC_LITERAL_CONVERSION = YES;
				CLANG_WARN_OBJC_ROOT_CLASS = YES_ERROR;
				CLANG_WARN_RANGE_LOOP_ANALYSIS = YES;
				CLANG_WARN_STRICT_PROTOTYPES = YES;
				CLANG_WARN_SUSPICIOUS_MOVE = YES;
				CLANG_WARN_UNGUARDED_AVAILABILITY = YES_AGGRESSIVE;
				CLANG_WARN_UNREACHABLE_CODE = YES;
				CLANG_WARN__DUPLICATE_METHOD_MATCH = YES;
				CODE_SIGN_IDENTITY = "iPhone Developer";
				COPY_PHASE_STRIP = NO;
				DEBUG_INFORMATION_FORMAT = dwarf;
				ENABLE_STRICT_OBJC_MSGSEND = YES;
				ENABLE_TESTABILITY = YES;
				GCC_C_LANGUAGE_STANDARD = gnu11;
				GCC_DYNAMIC_NO_PIC = NO;
				GCC_NO_COMMON_BLOCKS = YES;
				GCC_OPTIMIZATION_LEVEL = 0;
				GCC_PREPROCESSOR_DEFINITIONS = (
					"DEBUG=1",
					"$(inherited)",
				);
				GCC_WARN_64_TO_32_BIT_CONVERSION = YES;
				GCC_WARN_ABOUT_RETURN_TYPE = YES_ERROR;
				GCC_WARN_UNDECLARED_SELECTOR = YES;
				GCC_WARN_UNINITIALIZED_AUTOS = YES_AGGRESSIVE;
				GCC_WARN_UNUSED_FUNCTION = YES;
				GCC_WARN_UNUSED_VARIABLE = YES;
				IPHONEOS_DEPLOYMENT_TARGET = 12.1;
				MTL_ENABLE_DEBUG_INFO = INCLUDE_SOURCE;
				MTL_FAST_MATH = YES;
				ONLY_ACTIVE_ARCH = YES;
				SDKROOT = iphoneos;
				SWIFT_ACTIVE_COMPILATION_CONDITIONS = DEBUG;
				SWIFT_OPTIMIZATION_LEVEL = "-Onone";
			};
			name = Debug;
		};
		8221DBCF21E7F36E00FE4294 /* Release */ = {
			isa = XCBuildConfiguration;
			buildSettings = {
				ALWAYS_SEARCH_USER_PATHS = NO;
				CLANG_ANALYZER_NONNULL = YES;
				CLANG_ANALYZER_NUMBER_OBJECT_CONVERSION = YES_AGGRESSIVE;
				CLANG_CXX_LANGUAGE_STANDARD = "gnu++14";
				CLANG_CXX_LIBRARY = "libc++";
				CLANG_ENABLE_MODULES = YES;
				CLANG_ENABLE_OBJC_ARC = YES;
				CLANG_ENABLE_OBJC_WEAK = YES;
				CLANG_WARN_BLOCK_CAPTURE_AUTORELEASING = YES;
				CLANG_WARN_BOOL_CONVERSION = YES;
				CLANG_WARN_COMMA = YES;
				CLANG_WARN_CONSTANT_CONVERSION = YES;
				CLANG_WARN_DEPRECATED_OBJC_IMPLEMENTATIONS = YES;
				CLANG_WARN_DIRECT_OBJC_ISA_USAGE = YES_ERROR;
				CLANG_WARN_DOCUMENTATION_COMMENTS = YES;
				CLANG_WARN_EMPTY_BODY = YES;
				CLANG_WARN_ENUM_CONVERSION = YES;
				CLANG_WARN_INFINITE_RECURSION = YES;
				CLANG_WARN_INT_CONVERSION = YES;
				CLANG_WARN_NON_LITERAL_NULL_CONVERSION = YES;
				CLANG_WARN_OBJC_IMPLICIT_RETAIN_SELF = YES;
				CLANG_WARN_OBJC_LITERAL_CONVERSION = YES;
				CLANG_WARN_OBJC_ROOT_CLASS = YES_ERROR;
				CLANG_WARN_RANGE_LOOP_ANALYSIS = YES;
				CLANG_WARN_STRICT_PROTOTYPES = YES;
				CLANG_WARN_SUSPICIOUS_MOVE = YES;
				CLANG_WARN_UNGUARDED_AVAILABILITY = YES_AGGRESSIVE;
				CLANG_WARN_UNREACHABLE_CODE = YES;
				CLANG_WARN__DUPLICATE_METHOD_MATCH = YES;
				CODE_SIGN_IDENTITY = "iPhone Developer";
				COPY_PHASE_STRIP = NO;
				DEBUG_INFORMATION_FORMAT = "dwarf-with-dsym";
				ENABLE_NS_ASSERTIONS = NO;
				ENABLE_STRICT_OBJC_MSGSEND = YES;
				GCC_C_LANGUAGE_STANDARD = gnu11;
				GCC_NO_COMMON_BLOCKS = YES;
				GCC_WARN_64_TO_32_BIT_CONVERSION = YES;
				GCC_WARN_ABOUT_RETURN_TYPE = YES_ERROR;
				GCC_WARN_UNDECLARED_SELECTOR = YES;
				GCC_WARN_UNINITIALIZED_AUTOS = YES_AGGRESSIVE;
				GCC_WARN_UNUSED_FUNCTION = YES;
				GCC_WARN_UNUSED_VARIABLE = YES;
				IPHONEOS_DEPLOYMENT_TARGET = 12.1;
				MTL_ENABLE_DEBUG_INFO = NO;
				MTL_FAST_MATH = YES;
				SDKROOT = iphoneos;
				SWIFT_COMPILATION_MODE = wholemodule;
				SWIFT_OPTIMIZATION_LEVEL = "-O";
				VALIDATE_PRODUCT = YES;
			};
			name = Release;
		};
		8221DBD121E7F36E00FE4294 /* Debug */ = {
			isa = XCBuildConfiguration;
			buildSettings = {
				ASSETCATALOG_COMPILER_APPICON_NAME = AppIcon;
				CLANG_ALLOW_NON_MODULAR_INCLUDES_IN_FRAMEWORK_MODULES = YES;
				CLANG_ENABLE_MODULES = YES;
				CODE_SIGN_STYLE = Automatic;
				DEVELOPMENT_TEAM = XS84DW642G;
				FRAMEWORK_SEARCH_PATHS = (
					"$(inherited)",
					"$(PROJECT_DIR)/fliclib-ios",
				);
				INFOPLIST_FILE = FlicTrick/Info.plist;
				LD_RUNPATH_SEARCH_PATHS = (
					"$(inherited)",
					"@executable_path/Frameworks",
				);
				PRODUCT_BUNDLE_IDENTIFIER = com.appcat.FlicTrick;
				PRODUCT_NAME = "$(TARGET_NAME)";
				SWIFT_OBJC_BRIDGING_HEADER = "FlicTrick/FlicTrick-Bridging-Header.h";
				SWIFT_OPTIMIZATION_LEVEL = "-Onone";
				SWIFT_VERSION = 4.2;
				TARGETED_DEVICE_FAMILY = "1,2";
			};
			name = Debug;
		};
		8221DBD221E7F36E00FE4294 /* Release */ = {
			isa = XCBuildConfiguration;
			buildSettings = {
				ASSETCATALOG_COMPILER_APPICON_NAME = AppIcon;
				CLANG_ALLOW_NON_MODULAR_INCLUDES_IN_FRAMEWORK_MODULES = YES;
				CLANG_ENABLE_MODULES = YES;
				CODE_SIGN_STYLE = Automatic;
				DEVELOPMENT_TEAM = XS84DW642G;
				FRAMEWORK_SEARCH_PATHS = (
					"$(inherited)",
					"$(PROJECT_DIR)/fliclib-ios",
				);
				INFOPLIST_FILE = FlicTrick/Info.plist;
				LD_RUNPATH_SEARCH_PATHS = (
					"$(inherited)",
					"@executable_path/Frameworks",
				);
				PRODUCT_BUNDLE_IDENTIFIER = com.appcat.FlicTrick;
				PRODUCT_NAME = "$(TARGET_NAME)";
				SWIFT_OBJC_BRIDGING_HEADER = "FlicTrick/FlicTrick-Bridging-Header.h";
				SWIFT_VERSION = 4.2;
				TARGETED_DEVICE_FAMILY = "1,2";
			};
			name = Release;
		};
/* End XCBuildConfiguration section */

/* Begin XCConfigurationList section */
		8221DBB921E7F36A00FE4294 /* Build configuration list for PBXProject "FlicTrick" */ = {
			isa = XCConfigurationList;
			buildConfigurations = (
				8221DBCE21E7F36E00FE4294 /* Debug */,
				8221DBCF21E7F36E00FE4294 /* Release */,
			);
			defaultConfigurationIsVisible = 0;
			defaultConfigurationName = Release;
		};
		8221DBD021E7F36E00FE4294 /* Build configuration list for PBXNativeTarget "FlicTrick" */ = {
			isa = XCConfigurationList;
			buildConfigurations = (
				8221DBD121E7F36E00FE4294 /* Debug */,
				8221DBD221E7F36E00FE4294 /* Release */,
			);
			defaultConfigurationIsVisible = 0;
			defaultConfigurationName = Release;
		};
/* End XCConfigurationList section */
	};
	rootObject = 8221DBB621E7F36A00FE4294 /* Project object */;
}
